{
  "name": "@fibjs/fibx-router",
  "version": "1.4.0",
  "lockfileVersion": 1,
  "requires": true,
  "dependencies": {
    "@fibjs/fibx": {
      "version": "0.5.0",
      "resolved": "https://registry.npmjs.org/@fibjs/fibx/-/fibx-0.5.0.tgz",
      "integrity": "sha512-CoKKavnQi03Ew15Q1Zrx8fCUKRn8PjsW/bsRJzee5DnqCMaH3EulmV46xF0LESyx142JPwbhzRboRf/Zj88vWw==",
      "dev": true
    }
  }
}
